
Microsoft Visual Studio Solution File, Format Version 12.00
# Visual Studio Version 16
VisualStudioVersion = 16.0.29424.173
MinimumVisualStudioVersion = 10.0.40219.1
Project("{FAE04EC0-301F-11D3-BF4B-00C04F79EFBC}") = "Proyecto", "Proyecto\Proyecto.csproj", "{61F83D94-C647-460C-AF0E-906466BFAE27}"
EndProject
Global
	GlobalSection(SolutionConfigurationPlatforms) = preSolution
		Debug|Any CPU = Debug|Any CPU
		Release|Any CPU = Release|Any CPU
	EndGlobalSection
	GlobalSection(ProjectConfigurationPlatforms) = postSolution
		{61F83D94-C647-460C-AF0E-906466BFAE27}.Debug|Any CPU.ActiveCfg = Debug|Any CPU
		{61F83D94-C647-460C-AF0E-906466BFAE27}.Debug|Any CPU.Build.0 = Debug|Any CPU
		{61F83D94-C647-460C-AF0E-906466BFAE27}.Release|Any CPU.ActiveCfg = Release|Any CPU
		{61F83D94-C647-460C-AF0E-906466BFAE27}.Release|Any CPU.Build.0 = Release|Any CPU
	EndGlobalSection
	GlobalSection(SolutionProperties) = preSolution
		HideSolutionNode = FALSE
	EndGlobalSection
	GlobalSection(ExtensibilityGlobals) = postSolution
		SolutionGuid = {99501EF6-912B-48E6-91B0-AE36A0E44EC6}
	EndGlobalSection
EndGlobal
